
Microsoft Visual Studio Solution File, Format Version 12.00
# Visual Studio Version 16
VisualStudioVersion = 16.0.31205.134
MinimumVisualStudioVersion = 10.0.40219.1
Project("{9092AA53-FB77-4645-B42D-1CCCA6BD08BD}") = "Parakeet Polyfill", "Parakeet Polyfill.njsproj", "{F20907BB-742E-4178-84EF-0B9A0829E583}"
EndProject
Global
	GlobalSection(SolutionConfigurationPlatforms) = preSolution
		Debug|Any CPU = Debug|Any CPU
		Release|Any CPU = Release|Any CPU
	EndGlobalSection
	GlobalSection(ProjectConfigurationPlatforms) = postSolution
		{F20907BB-742E-4178-84EF-0B9A0829E583}.Debug|Any CPU.ActiveCfg = Debug|Any CPU
		{F20907BB-742E-4178-84EF-0B9A0829E583}.Debug|Any CPU.Build.0 = Debug|Any CPU
		{F20907BB-742E-4178-84EF-0B9A0829E583}.Release|Any CPU.ActiveCfg = Release|Any CPU
		{F20907BB-742E-4178-84EF-0B9A0829E583}.Release|Any CPU.Build.0 = Release|Any CPU
	EndGlobalSection
	GlobalSection(SolutionProperties) = preSolution
		HideSolutionNode = FALSE
	EndGlobalSection
	GlobalSection(ExtensibilityGlobals) = postSolution
		SolutionGuid = {B2CA09E6-2DEF-460B-9267-FD20AD2E8532}
	EndGlobalSection
EndGlobal
